
Microsoft Visual Studio Solution File, Format Version 12.00
# Visual Studio 15
Project("{FAE04EC0-301F-11D3-BF4B-00C04F79EFBC}") = "CtaApi", "CtaApi\CtaApi.csproj", "{28C87A4C-E897-4EB8-9A69-2F9844F923C3}"
EndProject
Global
	GlobalSection(SolutionConfigurationPlatforms) = preSolution
		Debug|Any CPU = Debug|Any CPU
		Release|Any CPU = Release|Any CPU
	EndGlobalSection
	GlobalSection(ProjectConfigurationPlatforms) = postSolution
		{28C87A4C-E897-4EB8-9A69-2F9844F923C3}.Debug|Any CPU.ActiveCfg = Debug|Any CPU
		{28C87A4C-E897-4EB8-9A69-2F9844F923C3}.Debug|Any CPU.Build.0 = Debug|Any CPU
		{28C87A4C-E897-4EB8-9A69-2F9844F923C3}.Release|Any CPU.ActiveCfg = Release|Any CPU
		{28C87A4C-E897-4EB8-9A69-2F9844F923C3}.Release|Any CPU.Build.0 = Release|Any CPU
	EndGlobalSection
EndGlobal
